
Microsoft Visual Studio Solution File, Format Version 12.00
# Visual Studio Version 17
VisualStudioVersion = 17.1.32210.238
MinimumVisualStudioVersion = 10.0.40219.1
Project("{9A19103F-16F7-4668-BE54-9A1E7A4F7556}") = "MyWebServer", "MyWebServer.csproj", "{96613EAF-E45E-4B5E-B31C-5E1EC96EEA19}"
EndProject
Global
	GlobalSection(SolutionConfigurationPlatforms) = preSolution
		Debug|Any CPU = Debug|Any CPU
		Release|Any CPU = Release|Any CPU
	EndGlobalSection
	GlobalSection(ProjectConfigurationPlatforms) = postSolution
		{96613EAF-E45E-4B5E-B31C-5E1EC96EEA19}.Debug|Any CPU.ActiveCfg = Debug|Any CPU
		{96613EAF-E45E-4B5E-B31C-5E1EC96EEA19}.Debug|Any CPU.Build.0 = Debug|Any CPU
		{96613EAF-E45E-4B5E-B31C-5E1EC96EEA19}.Release|Any CPU.ActiveCfg = Release|Any CPU
		{96613EAF-E45E-4B5E-B31C-5E1EC96EEA19}.Release|Any CPU.Build.0 = Release|Any CPU
	EndGlobalSection
	GlobalSection(SolutionProperties) = preSolution
		HideSolutionNode = FALSE
	EndGlobalSection
	GlobalSection(ExtensibilityGlobals) = postSolution
		SolutionGuid = {AE619A2B-ECE9-410F-BF35-986FA689A51D}
	EndGlobalSection
EndGlobal
